
Microsoft Visual Studio Solution File, Format Version 12.00
# Visual Studio Version 17
VisualStudioVersion = 17.7.34024.191
MinimumVisualStudioVersion = 10.0.40219.1
Project("{9A19103F-16F7-4668-BE54-9A1E7A4F7556}") = "Zaytsev_MINI_DZ", "Zaytsev_MINI_DZ\Zaytsev_MINI_DZ.csproj", "{56EF7F41-B18E-4961-B10A-5A5EF8DDB6D7}"
EndProject
Project("{FAE04EC0-301F-11D3-BF4B-00C04F79EFBC}") = "TestProject1", "TestProject1\TestProject1.csproj", "{03E2810E-0D71-4D50-839D-2E5A9CF0C39B}"
EndProject
Global
	GlobalSection(SolutionConfigurationPlatforms) = preSolution
		Debug|Any CPU = Debug|Any CPU
		Release|Any CPU = Release|Any CPU
	EndGlobalSection
	GlobalSection(ProjectConfigurationPlatforms) = postSolution
		{56EF7F41-B18E-4961-B10A-5A5EF8DDB6D7}.Debug|Any CPU.ActiveCfg = Debug|Any CPU
		{56EF7F41-B18E-4961-B10A-5A5EF8DDB6D7}.Debug|Any CPU.Build.0 = Debug|Any CPU
		{56EF7F41-B18E-4961-B10A-5A5EF8DDB6D7}.Release|Any CPU.ActiveCfg = Release|Any CPU
		{56EF7F41-B18E-4961-B10A-5A5EF8DDB6D7}.Release|Any CPU.Build.0 = Release|Any CPU
		{03E2810E-0D71-4D50-839D-2E5A9CF0C39B}.Debug|Any CPU.ActiveCfg = Debug|Any CPU
		{03E2810E-0D71-4D50-839D-2E5A9CF0C39B}.Debug|Any CPU.Build.0 = Debug|Any CPU
		{03E2810E-0D71-4D50-839D-2E5A9CF0C39B}.Release|Any CPU.ActiveCfg = Release|Any CPU
		{03E2810E-0D71-4D50-839D-2E5A9CF0C39B}.Release|Any CPU.Build.0 = Release|Any CPU
	EndGlobalSection
	GlobalSection(SolutionProperties) = preSolution
		HideSolutionNode = FALSE
	EndGlobalSection
	GlobalSection(ExtensibilityGlobals) = postSolution
		SolutionGuid = {02DB66C5-31F8-4A73-8C43-5219160F4561}
	EndGlobalSection
EndGlobal
